
Microsoft Visual Studio Solution File, Format Version 12.00
# Visual Studio Version 16
VisualStudioVersion = 16.0.32413.511
MinimumVisualStudioVersion = 10.0.40219.1
Project("{2150E333-8FDC-42A3-9474-1A3956D46DE8}") = "FrontEnd", "FrontEnd", "{B4861343-9167-458A-92E9-D78D0A11E04B}"
EndProject
Project("{2150E333-8FDC-42A3-9474-1A3956D46DE8}") = "Gateway", "Gateway", "{C7F9525B-508D-4782-A14A-62B916B4C448}"
EndProject
Project("{2150E333-8FDC-42A3-9474-1A3956D46DE8}") = "Integration", "Integration", "{BCB5459A-F1D3-4D06-9719-E861054333AE}"
EndProject
Project("{2150E333-8FDC-42A3-9474-1A3956D46DE8}") = "Services", "Services", "{52D0C69A-5BF6-481A-8751-F0B3E7FAC018}"
EndProject
Project("{9A19103F-16F7-4668-BE54-9A1E7A4F7556}") = "MicroService.Services.CouponAPI", "MicroService.Services.CouponAPI\MicroService.Services.CouponAPI.csproj", "{2074E2FB-5406-4496-8327-25CD61385E01}"
EndProject
Project("{9A19103F-16F7-4668-BE54-9A1E7A4F7556}") = "MicroService.Web", "MicroService.Web\MicroService.Web.csproj", "{FF59FFCB-E81A-42DA-8A19-ADE1C6B80656}"
EndProject
Project("{9A19103F-16F7-4668-BE54-9A1E7A4F7556}") = "MicroService.Services.AuthAPI", "MicroService.Services.AuthAPI\MicroService.Services.AuthAPI.csproj", "{AB2C0D48-D386-438D-86CC-68AEB25B93D3}"
EndProject
Project("{9A19103F-16F7-4668-BE54-9A1E7A4F7556}") = "MicroService.Services.ProductAPI", "MicroService.Services.ProductAPI\MicroService.Services.ProductAPI.csproj", "{9BDBC6FF-27FF-40AD-827E-CCFD9985E82D}"
EndProject
Project("{9A19103F-16F7-4668-BE54-9A1E7A4F7556}") = "MicroService.Services.ShoppingCartAPI", "MicroService.Services.ShoppingCartAPI\MicroService.Services.ShoppingCartAPI.csproj", "{64FD45A9-3DAF-430A-9119-B7B87251B5D5}"
EndProject
Project("{9A19103F-16F7-4668-BE54-9A1E7A4F7556}") = "MicroService.MessageBus", "MicroService.MessageBus\MicroService.MessageBus.csproj", "{13C9B40C-6C5A-4994-89B4-A769788860CB}"
EndProject
Project("{9A19103F-16F7-4668-BE54-9A1E7A4F7556}") = "MicroService.Services.EmailAPI", "MicroService.Services.EmailAPI\MicroService.Services.EmailAPI.csproj", "{19B70733-DBC0-40BA-887B-D04920A484FB}"
EndProject
Project("{FAE04EC0-301F-11D3-BF4B-00C04F79EFBC}") = "MicroService.Services.OrderAPI", "MicroService.Services.OrderAPI\MicroService.Services.OrderAPI.csproj", "{265D364C-E99F-47CA-B352-C1B9A666FCF2}"
EndProject
Global
	GlobalSection(SolutionConfigurationPlatforms) = preSolution
		Debug|Any CPU = Debug|Any CPU
		Release|Any CPU = Release|Any CPU
	EndGlobalSection
	GlobalSection(ProjectConfigurationPlatforms) = postSolution
		{2074E2FB-5406-4496-8327-25CD61385E01}.Debug|Any CPU.ActiveCfg = Debug|Any CPU
		{2074E2FB-5406-4496-8327-25CD61385E01}.Debug|Any CPU.Build.0 = Debug|Any CPU
		{2074E2FB-5406-4496-8327-25CD61385E01}.Release|Any CPU.ActiveCfg = Release|Any CPU
		{2074E2FB-5406-4496-8327-25CD61385E01}.Release|Any CPU.Build.0 = Release|Any CPU
		{FF59FFCB-E81A-42DA-8A19-ADE1C6B80656}.Debug|Any CPU.ActiveCfg = Debug|Any CPU
		{FF59FFCB-E81A-42DA-8A19-ADE1C6B80656}.Debug|Any CPU.Build.0 = Debug|Any CPU
		{FF59FFCB-E81A-42DA-8A19-ADE1C6B80656}.Release|Any CPU.ActiveCfg = Release|Any CPU
		{FF59FFCB-E81A-42DA-8A19-ADE1C6B80656}.Release|Any CPU.Build.0 = Release|Any CPU
		{AB2C0D48-D386-438D-86CC-68AEB25B93D3}.Debug|Any CPU.ActiveCfg = Debug|Any CPU
		{AB2C0D48-D386-438D-86CC-68AEB25B93D3}.Debug|Any CPU.Build.0 = Debug|Any CPU
		{AB2C0D48-D386-438D-86CC-68AEB25B93D3}.Release|Any CPU.ActiveCfg = Release|Any CPU
		{AB2C0D48-D386-438D-86CC-68AEB25B93D3}.Release|Any CPU.Build.0 = Release|Any CPU
		{9BDBC6FF-27FF-40AD-827E-CCFD9985E82D}.Debug|Any CPU.ActiveCfg = Debug|Any CPU
		{9BDBC6FF-27FF-40AD-827E-CCFD9985E82D}.Debug|Any CPU.Build.0 = Debug|Any CPU
		{9BDBC6FF-27FF-40AD-827E-CCFD9985E82D}.Release|Any CPU.ActiveCfg = Release|Any CPU
		{9BDBC6FF-27FF-40AD-827E-CCFD9985E82D}.Release|Any CPU.Build.0 = Release|Any CPU
		{64FD45A9-3DAF-430A-9119-B7B87251B5D5}.Debug|Any CPU.ActiveCfg = Debug|Any CPU
		{64FD45A9-3DAF-430A-9119-B7B87251B5D5}.Debug|Any CPU.Build.0 = Debug|Any CPU
		{64FD45A9-3DAF-430A-9119-B7B87251B5D5}.Release|Any CPU.ActiveCfg = Release|Any CPU
		{64FD45A9-3DAF-430A-9119-B7B87251B5D5}.Release|Any CPU.Build.0 = Release|Any CPU
		{13C9B40C-6C5A-4994-89B4-A769788860CB}.Debug|Any CPU.ActiveCfg = Debug|Any CPU
		{13C9B40C-6C5A-4994-89B4-A769788860CB}.Debug|Any CPU.Build.0 = Debug|Any CPU
		{13C9B40C-6C5A-4994-89B4-A769788860CB}.Release|Any CPU.ActiveCfg = Release|Any CPU
		{13C9B40C-6C5A-4994-89B4-A769788860CB}.Release|Any CPU.Build.0 = Release|Any CPU
		{19B70733-DBC0-40BA-887B-D04920A484FB}.Debug|Any CPU.ActiveCfg = Debug|Any CPU
		{19B70733-DBC0-40BA-887B-D04920A484FB}.Debug|Any CPU.Build.0 = Debug|Any CPU
		{19B70733-DBC0-40BA-887B-D04920A484FB}.Release|Any CPU.ActiveCfg = Release|Any CPU
		{19B70733-DBC0-40BA-887B-D04920A484FB}.Release|Any CPU.Build.0 = Release|Any CPU
		{265D364C-E99F-47CA-B352-C1B9A666FCF2}.Debug|Any CPU.ActiveCfg = Debug|Any CPU
		{265D364C-E99F-47CA-B352-C1B9A666FCF2}.Debug|Any CPU.Build.0 = Debug|Any CPU
		{265D364C-E99F-47CA-B352-C1B9A666FCF2}.Release|Any CPU.ActiveCfg = Release|Any CPU
		{265D364C-E99F-47CA-B352-C1B9A666FCF2}.Release|Any CPU.Build.0 = Release|Any CPU
	EndGlobalSection
	GlobalSection(SolutionProperties) = preSolution
		HideSolutionNode = FALSE
	EndGlobalSection
	GlobalSection(NestedProjects) = preSolution
		{2074E2FB-5406-4496-8327-25CD61385E01} = {52D0C69A-5BF6-481A-8751-F0B3E7FAC018}
		{FF59FFCB-E81A-42DA-8A19-ADE1C6B80656} = {B4861343-9167-458A-92E9-D78D0A11E04B}
		{AB2C0D48-D386-438D-86CC-68AEB25B93D3} = {52D0C69A-5BF6-481A-8751-F0B3E7FAC018}
		{9BDBC6FF-27FF-40AD-827E-CCFD9985E82D} = {52D0C69A-5BF6-481A-8751-F0B3E7FAC018}
		{64FD45A9-3DAF-430A-9119-B7B87251B5D5} = {52D0C69A-5BF6-481A-8751-F0B3E7FAC018}
		{13C9B40C-6C5A-4994-89B4-A769788860CB} = {BCB5459A-F1D3-4D06-9719-E861054333AE}
		{19B70733-DBC0-40BA-887B-D04920A484FB} = {52D0C69A-5BF6-481A-8751-F0B3E7FAC018}
		{265D364C-E99F-47CA-B352-C1B9A666FCF2} = {52D0C69A-5BF6-481A-8751-F0B3E7FAC018}
	EndGlobalSection
	GlobalSection(ExtensibilityGlobals) = postSolution
		SolutionGuid = {3F974EF4-DC94-4F0E-B061-12F1F74F6E90}
	EndGlobalSection
EndGlobal
